// !$*UTF8*$!
{
	archiveVersion = 1;
	classes = {
	};
	objectVersion = 46;
	objects = {

/* Begin PBXBuildFile section */
		000CB5001EA5E58C009DFADB /* AppDelegate.swift in Sources */ = {isa = PBXBuildFile; fileRef = 000CB4FF1EA5E58C009DFADB /* AppDelegate.swift */; };
		000CB5021EA5E58C009DFADB /* ViewController.swift in Sources */ = {isa = PBXBuildFile; fileRef = 000CB5011EA5E58C009DFADB /* ViewController.swift */; };
		000CB5051EA5E58C009DFADB /* Main.storyboard in Resources */ = {isa = PBXBuildFile; fileRef = 000CB5031EA5E58C009DFADB /* Main.storyboard */; };
		000CB5071EA5E58C009DFADB /* Assets.xcassets in Resources */ = {isa = PBXBuildFile; fileRef = 000CB5061EA5E58C009DFADB /* Assets.xcassets */; };
		000CB50A1EA5E58C009DFADB /* LaunchScreen.storyboard in Resources */ = {isa = PBXBuildFile; fileRef = 000CB5081EA5E58C009DFADB /* LaunchScreen.storyboard */; };
/* End PBXBuildFile section */

/* Begin PBXFileReference section */
		000CB4FC1EA5E58C009DFADB /* GithubTest2.app */ = {isa = PBXFileReference; explicitFileType = wrapper.application; includeInIndex = 0; path = GithubTest2.app; sourceTree = BUILT_PRODUCTS_DIR; };
		000CB4FF1EA5E58C009DFADB /* AppDelegate.swift */ = {isa = PBXFileReference; lastKnownFileType = sourcecode.swift; path = AppDelegate.swift; sourceTree = "<group>"; };
		000CB5011EA5E58C009DFADB /* ViewController.swift */ = {isa = PBXFileReference; lastKnownFileType = sourcecode.swift; path = ViewController.swift; sourceTree = "<group>"; };
		000CB5041EA5E58C009DFADB /* Base */ = {isa = PBXFileReference; lastKnownFileType = file.storyboard; name = Base; path = Base.lproj/Main.storyboard; sourceTree = "<group>"; };
		000CB5061EA5E58C009DFADB /* Assets.xcassets */ = {isa = PBXFileReference; lastKnownFileType = folder.assetcatalog; path = Assets.xcassets; sourceTree = "<group>"; };
		000CB5091EA5E58C009DFADB /* Base */ = {isa = PBXFileReference; lastKnownFileType = file.storyboard; name = Base; path = Base.lproj/LaunchScreen.storyboard; sourceTree = "<group>"; };
		000CB50B1EA5E58C009DFADB /* Info.plist */ = {isa = PBXFileReference; lastKnownFileType = text.plist.xml; path = Info.plist; sourceTree = "<group>"; };
/* End PBXFileReference section */

/* Begin PBXFrameworksBuildPhase section */
		000CB4F91EA5E58C009DFADB /* Frameworks */ = {
			isa = PBXFrameworksBuildPhase;
			buildActionMask = 2147483647;
			files = (
			);
			runOnlyForDeploymentPostprocessing = 0;
		};
/* End PBXFrameworksBuildPhase section */

/* Begin PBXGroup section */
		000CB4F31EA5E58C009DFADB = {
			isa = PBXGroup;
			children = (
				000CB4FE1EA5E58C009DFADB /* GithubTest2 */,
				000CB4FD1EA5E58C009DFADB /* Products */,
			);
			sourceTree = "<group>";
		};
		000CB4FD1EA5E58C009DFADB /* Products */ = {
			isa = PBXGroup;
			children = (
				000CB4FC1EA5E58C009DFADB /* GithubTest2.app */,
			);
			name = Products;
			sourceTree = "<group>";
		};
		000CB4FE1EA5E58C009DFADB /* GithubTest2 */ = {
			isa = PBXGroup;
			children = (
				000CB4FF1EA5E58C009DFADB /* AppDelegate.swift */,
				000CB5011EA5E58C009DFADB /* ViewController.swift */,
				000CB5031EA5E58C009DFADB /* Main.storyboard */,
				000CB5061EA5E58C009DFADB /* Assets.xcassets */,
				000CB5081EA5E58C009DFADB /* LaunchScreen.storyboard */,
				000CB50B1EA5E58C009DFADB /* Info.plist */,
			);
			path = GithubTest2;
			sourceTree = "<group>";
		};
/* End PBXGroup section */

/* Begin PBXNativeTarget section */
		000CB4FB1EA5E58C009DFADB /* GithubTest2 */ = {
			isa = PBXNativeTarget;
			buildConfigurationList = 000CB50E1EA5E58C009DFADB /* Build configuration list for PBXNativeTarget "GithubTest2" */;
			buildPhases = (
				000CB4F81EA5E58C009DFADB /* Sources */,
				000CB4F91EA5E58C009DFADB /* Frameworks */,
				000CB4FA1EA5E58C009DFADB /* Resources */,
			);
			buildRules = (
			);
			dependencies = (
			);
			name = GithubTest2;
			productName = GithubTest2;
			productReference = 000CB4FC1EA5E58C009DFADB /* GithubTest2.app */;
			productType = "com.apple.product-type.application";
		};
/* End PBXNativeTarget section */

/* Begin PBXProject section */
		000CB4F41EA5E58C009DFADB /* Project object */ = {
			isa = PBXProject;
			attributes = {
				LastSwiftUpdateCheck = 0830;
				LastUpgradeCheck = 0830;
				ORGANIZATIONNAME = "Jeffrey Chen";
				TargetAttributes = {
					000CB4FB1EA5E58C009DFADB = {
						CreatedOnToolsVersion = 8.3.1;
						DevelopmentTeam = YC65QCG68E;
						ProvisioningStyle = Automatic;
					};
				};
			};
			buildConfigurationList = 000CB4F71EA5E58C009DFADB /* Build configuration list for PBXProject "GithubTest2" */;
			compatibilityVersion = "Xcode 3.2";
			developmentRegion = English;
			hasScannedForEncodings = 0;
			knownRegions = (
				en,
				Base,
			);
			mainGroup = 000CB4F31EA5E58C009DFADB;
			productRefGroup = 000CB4FD1EA5E58C009DFADB /* Products */;
			projectDirPath = "";
			projectRoot = "";
			targets = (
				000CB4FB1EA5E58C009DFADB /* GithubTest2 */,
			);
		};
/* End PBXProject section */

/* Begin PBXResourcesBuildPhase section */
		000CB4FA1EA5E58C009DFADB /* Resources */ = {
			isa = PBXResourcesBuildPhase;
			buildActionMask = 2147483647;
			files = (
				000CB50A1EA5E58C009DFADB /* LaunchScreen.storyboard in Resources */,
				000CB5071EA5E58C009DFADB /* Assets.xcassets in Resources */,
				000CB5051EA5E58C009DFADB /* Main.storyboard in Resources */,
			);
			runOnlyForDeploymentPostprocessing = 0;
		};
/* End PBXResourcesBuildPhase section */

/* Begin PBXSourcesBuildPhase section */
		000CB4F81EA5E58C009DFADB /* Sources */ = {
			isa = PBXSourcesBuildPhase;
			buildActionMask = 2147483647;
			files = (
				000CB5021EA5E58C009DFADB /* ViewController.swift in Sources */,
				000CB5001EA5E58C009DFADB /* AppDelegate.swift in Sources */,
			);
			runOnlyForDeploymentPostprocessing = 0;
		};
/* End PBXSourcesBuildPhase section */

/* Begin PBXVariantGroup section */
		000CB5031EA5E58C009DFADB /* Main.storyboard */ = {
			isa = PBXVariantGroup;
			children = (
				000CB5041EA5E58C009DFADB /* Base */,
			);
			name = Main.storyboard;
			sourceTree = "<group>";
		};
		000CB5081EA5E58C009DFADB /* LaunchScreen.storyboard */ = {
			isa = PBXVariantGroup;
			children = (
				000CB5091EA5E58C009DFADB /* Base */,
			);
			name = LaunchScreen.storyboard;
			sourceTree = "<group>";
		};
/* End PBXVariantGroup section */

/* Begin XCBuildConfiguration section */
		000CB50C1EA5E58C009DFADB /* Debug */ = {
			isa = XCBuildConfiguration;
			buildSettings = {
				ALWAYS_SEARCH_USER_PATHS = NO;
				CLANG_ANALYZER_NONNULL = YES;
				CLANG_ANALYZER_NUMBER_OBJECT_CONVERSION = YES_AGGRESSIVE;
				CLANG_CXX_LANGUAGE_STANDARD = "gnu++0x";
				CLANG_CXX_LIBRARY = "libc++";
				CLANG_ENABLE_MODULES = YES;
				CLANG_ENABLE_OBJC_ARC = YES;
				CLANG_WARN_BOOL_CONVERSION = YES;
				CLANG_WARN_CONSTANT_CONVERSION = YES;
				CLANG_WARN_DIRECT_OBJC_ISA_USAGE = YES_ERROR;
				CLANG_WARN_DOCUMENTATION_COMMENTS = YES;
				CLANG_WARN_EMPTY_BODY = YES;
				CLANG_WARN_ENUM_CONVERSION = YES;
				CLANG_WARN_INFINITE_RECURSION = YES;
				CLANG_WARN_INT_CONVERSION = YES;
				CLANG_WARN_OBJC_ROOT_CLASS = YES_ERROR;
				CLANG_WARN_SUSPICIOUS_MOVE = YES;
				CLANG_WARN_UNREACHABLE_CODE = YES;
				CLANG_WARN__DUPLICATE_METHOD_MATCH = YES;
				"CODE_SIGN_IDENTITY[sdk=iphoneos*]" = "iPhone Developer";
				COPY_PHASE_STRIP = NO;
				DEBUG_INFORMATION_FORMAT = dwarf;
				ENABLE_STRICT_OBJC_MSGSEND = YES;
				ENABLE_TESTABILITY = YES;
				GCC_C_LANGUAGE_STANDARD = gnu99;
				GCC_DYNAMIC_NO_PIC = NO;
				GCC_NO_COMMON_BLOCKS = YES;
				GCC_OPTIMIZATION_LEVEL = 0;
				GCC_PREPROCESSOR_DEFINITIONS = (
					"DEBUG=1",
					"$(inherited)",
				);
				GCC_WARN_64_TO_32_BIT_CONVERSION = YES;
				GCC_WARN_ABOUT_RETURN_TYPE = YES_ERROR;
				GCC_WARN_UNDECLARED_SELECTOR = YES;
				GCC_WARN_UNINITIALIZED_AUTOS = YES_AGGRESSIVE;
				GCC_WARN_UNUSED_FUNCTION = YES;
				GCC_WARN_UNUSED_VARIABLE = YES;
				IPHONEOS_DEPLOYMENT_TARGET = 10.3;
				MTL_ENABLE_DEBUG_INFO = YES;
				ONLY_ACTIVE_ARCH = YES;
				SDKROOT = iphoneos;
				SWIFT_ACTIVE_COMPILATION_CONDITIONS = DEBUG;
				SWIFT_OPTIMIZATION_LEVEL = "-Onone";
				TARGETED_DEVICE_FAMILY = "1,2";
			};
			name = Debug;
		};
		000CB50D1EA5E58C009DFADB /* Release */ = {
			isa = XCBuildConfiguration;
			buildSettings = {
				ALWAYS_SEARCH_USER_PATHS = NO;
				CLANG_ANALYZER_NONNULL = YES;
				CLANG_ANALYZER_NUMBER_OBJECT_CONVERSION = YES_AGGRESSIVE;
				CLANG_CXX_LANGUAGE_STANDARD = "gnu++0x";
				CLANG_CXX_LIBRARY = "libc++";
				CLANG_ENABLE_MODULES = YES;
				CLANG_ENABLE_OBJC_ARC = YES;
				CLANG_WARN_BOOL_CONVERSION = YES;
				CLANG_WARN_CONSTANT_CONVERSION = YES;
				CLANG_WARN_DIRECT_OBJC_ISA_USAGE = YES_ERROR;
				CLANG_WARN_DOCUMENTATION_COMMENTS = YES;
				CLANG_WARN_EMPTY_BODY = YES;
				CLANG_WARN_ENUM_CONVERSION = YES;
				CLANG_WARN_INFINITE_RECURSION = YES;
				CLANG_WARN_INT_CONVERSION = YES;
				CLANG_WARN_OBJC_ROOT_CLASS = YES_ERROR;
				CLANG_WARN_SUSPICIOUS_MOVE = YES;
				CLANG_WARN_UNREACHABLE_CODE = YES;
				CLANG_WARN__DUPLICATE_METHOD_MATCH = YES;
				"CODE_SIGN_IDENTITY[sdk=iphoneos*]" = "iPhone Developer";
				COPY_PHASE_STRIP = NO;
				DEBUG_INFORMATION_FORMAT = "dwarf-with-dsym";
				ENABLE_NS_ASSERTIONS = NO;
				ENABLE_STRICT_OBJC_MSGSEND = YES;
				GCC_C_LANGUAGE_STANDARD = gnu99;
				GCC_NO_COMMON_BLOCKS = YES;
				GCC_WARN_64_TO_32_BIT_CONVERSION = YES;
				GCC_WARN_ABOUT_RETURN_TYPE = YES_ERROR;
				GCC_WARN_UNDECLARED_SELECTOR = YES;
				GCC_WARN_UNINITIALIZED_AUTOS = YES_AGGRESSIVE;
				GCC_WARN_UNUSED_FUNCTION = YES;
				GCC_WARN_UNUSED_VARIABLE = YES;
				IPHONEOS_DEPLOYMENT_TARGET = 10.3;
				MTL_ENABLE_DEBUG_INFO = NO;
				SDKROOT = iphoneos;
				SWIFT_OPTIMIZATION_LEVEL = "-Owholemodule";
				TARGETED_DEVICE_FAMILY = "1,2";
				VALIDATE_PRODUCT = YES;
			};
			name = Release;
		};
		000CB50F1EA5E58C009DFADB /* Debug */ = {
			isa = XCBuildConfiguration;
			buildSettings = {
				ASSETCATALOG_COMPILER_APPICON_NAME = AppIcon;
				DEVELOPMENT_TEAM = YC65QCG68E;
				INFOPLIST_FILE = GithubTest2/Info.plist;
				LD_RUNPATH_SEARCH_PATHS = "$(inherited) @executable_path/Frameworks";
				PRODUCT_BUNDLE_IDENTIFIER = tw.com.phd.GithubTest2;
				PRODUCT_NAME = "$(TARGET_NAME)";
				SWIFT_VERSION = 3.0;
			};
			name = Debug;
		};
		000CB5101EA5E58C009DFADB /* Release */ = {
			isa = XCBuildConfiguration;
			buildSettings = {
				ASSETCATALOG_COMPILER_APPICON_NAME = AppIcon;
				DEVELOPMENT_TEAM = YC65QCG68E;
				INFOPLIST_FILE = GithubTest2/Info.plist;
				LD_RUNPATH_SEARCH_PATHS = "$(inherited) @executable_path/Frameworks";
				PRODUCT_BUNDLE_IDENTIFIER = tw.com.phd.GithubTest2;
				PRODUCT_NAME = "$(TARGET_NAME)";
				SWIFT_VERSION = 3.0;
			};
			name = Release;
		};
/* End XCBuildConfiguration section */

/* Begin XCConfigurationList section */
		000CB4F71EA5E58C009DFADB /* Build configuration list for PBXProject "GithubTest2" */ = {
			isa = XCConfigurationList;
			buildConfigurations = (
				000CB50C1EA5E58C009DFADB /* Debug */,
				000CB50D1EA5E58C009DFADB /* Release */,
			);
			defaultConfigurationIsVisible = 0;
			defaultConfigurationName = Release;
		};
		000CB50E1EA5E58C009DFADB /* Build configuration list for PBXNativeTarget "GithubTest2" */ = {
			isa = XCConfigurationList;
			buildConfigurations = (
				000CB50F1EA5E58C009DFADB /* Debug */,
				000CB5101EA5E58C009DFADB /* Release */,
			);
			defaultConfigurationIsVisible = 0;
		};
/* End XCConfigurationList section */
	};
	rootObject = 000CB4F41EA5E58C009DFADB /* Project object */;
}
